// !$*UTF8*$!
{
	archiveVersion = 1;
	classes = {
	};
	objectVersion = 56;
	objects = {

/* Begin PBXBuildFile section */
		4901BB1929C1231400A2C825 /* ValorantConsultantApp.swift in Sources */ = {isa = PBXBuildFile; fileRef = 4901BB1829C1231400A2C825 /* ValorantConsultantApp.swift */; };
		4901BB1B29C1231400A2C825 /* ContentView.swift in Sources */ = {isa = PBXBuildFile; fileRef = 4901BB1A29C1231400A2C825 /* ContentView.swift */; };
		4901BB1D29C1231600A2C825 /* Assets.xcassets in Resources */ = {isa = PBXBuildFile; fileRef = 4901BB1C29C1231600A2C825 /* Assets.xcassets */; };
		4901BB2029C1231600A2C825 /* Preview Assets.xcassets in Resources */ = {isa = PBXBuildFile; fileRef = 4901BB1F29C1231600A2C825 /* Preview Assets.xcassets */; };
		4901BB2A29C1231600A2C825 /* ValorantConsultantTests.swift in Sources */ = {isa = PBXBuildFile; fileRef = 4901BB2929C1231600A2C825 /* ValorantConsultantTests.swift */; };
		4901BB3429C1231600A2C825 /* ValorantConsultantUITests.swift in Sources */ = {isa = PBXBuildFile; fileRef = 4901BB3329C1231600A2C825 /* ValorantConsultantUITests.swift */; };
		4901BB3629C1231600A2C825 /* ValorantConsultantUITestsLaunchTests.swift in Sources */ = {isa = PBXBuildFile; fileRef = 4901BB3529C1231600A2C825 /* ValorantConsultantUITestsLaunchTests.swift */; };
		4977E1AD29C262C800A12C01 /* ViewModel.swift in Sources */ = {isa = PBXBuildFile; fileRef = 4977E1AC29C262C800A12C01 /* ViewModel.swift */; };
		4977E1B929C3BB6800A12C01 /* AgentsList.swift in Sources */ = {isa = PBXBuildFile; fileRef = 4977E1B829C3BB6800A12C01 /* AgentsList.swift */; };
		4977E1BD29C3D30A00A12C01 /* SingleAgentView.swift in Sources */ = {isa = PBXBuildFile; fileRef = 4977E1BC29C3D30A00A12C01 /* SingleAgentView.swift */; };
		49A6051129CF639300A932CB /* Data.swift in Sources */ = {isa = PBXBuildFile; fileRef = 49A6051029CF639300A932CB /* Data.swift */; };
/* End PBXBuildFile section */

/* Begin PBXContainerItemProxy section */
		4901BB2629C1231600A2C825 /* PBXContainerItemProxy */ = {
			isa = PBXContainerItemProxy;
			containerPortal = 4901BB0D29C1231400A2C825 /* Project object */;
			proxyType = 1;
			remoteGlobalIDString = 4901BB1429C1231400A2C825;
			remoteInfo = ValorantConsultant;
		};
		4901BB3029C1231600A2C825 /* PBXContainerItemProxy */ = {
			isa = PBXContainerItemProxy;
			containerPortal = 4901BB0D29C1231400A2C825 /* Project object */;
			proxyType = 1;
			remoteGlobalIDString = 4901BB1429C1231400A2C825;
			remoteInfo = ValorantConsultant;
		};
/* End PBXContainerItemProxy section */

/* Begin PBXFileReference section */
		4901BB1529C1231400A2C825 /* ValorantConsultant.app */ = {isa = PBXFileReference; explicitFileType = wrapper.application; includeInIndex = 0; path = ValorantConsultant.app; sourceTree = BUILT_PRODUCTS_DIR; };
		4901BB1829C1231400A2C825 /* ValorantConsultantApp.swift */ = {isa = PBXFileReference; lastKnownFileType = sourcecode.swift; path = ValorantConsultantApp.swift; sourceTree = "<group>"; };
		4901BB1A29C1231400A2C825 /* ContentView.swift */ = {isa = PBXFileReference; lastKnownFileType = sourcecode.swift; path = ContentView.swift; sourceTree = "<group>"; };
		4901BB1C29C1231600A2C825 /* Assets.xcassets */ = {isa = PBXFileReference; lastKnownFileType = folder.assetcatalog; path = Assets.xcassets; sourceTree = "<group>"; };
		4901BB1F29C1231600A2C825 /* Preview Assets.xcassets */ = {isa = PBXFileReference; lastKnownFileType = folder.assetcatalog; path = "Preview Assets.xcassets"; sourceTree = "<group>"; };
		4901BB2529C1231600A2C825 /* ValorantConsultantTests.xctest */ = {isa = PBXFileReference; explicitFileType = wrapper.cfbundle; includeInIndex = 0; path = ValorantConsultantTests.xctest; sourceTree = BUILT_PRODUCTS_DIR; };
		4901BB2929C1231600A2C825 /* ValorantConsultantTests.swift */ = {isa = PBXFileReference; lastKnownFileType = sourcecode.swift; path = ValorantConsultantTests.swift; sourceTree = "<group>"; };
		4901BB2F29C1231600A2C825 /* ValorantConsultantUITests.xctest */ = {isa = PBXFileReference; explicitFileType = wrapper.cfbundle; includeInIndex = 0; path = ValorantConsultantUITests.xctest; sourceTree = BUILT_PRODUCTS_DIR; };
		4901BB3329C1231600A2C825 /* ValorantConsultantUITests.swift */ = {isa = PBXFileReference; lastKnownFileType = sourcecode.swift; path = ValorantConsultantUITests.swift; sourceTree = "<group>"; };
		4901BB3529C1231600A2C825 /* ValorantConsultantUITestsLaunchTests.swift */ = {isa = PBXFileReference; lastKnownFileType = sourcecode.swift; path = ValorantConsultantUITestsLaunchTests.swift; sourceTree = "<group>"; };
		4977E1AC29C262C800A12C01 /* ViewModel.swift */ = {isa = PBXFileReference; lastKnownFileType = sourcecode.swift; path = ViewModel.swift; sourceTree = "<group>"; };
		4977E1B829C3BB6800A12C01 /* AgentsList.swift */ = {isa = PBXFileReference; lastKnownFileType = sourcecode.swift; path = AgentsList.swift; sourceTree = "<group>"; };
		4977E1BC29C3D30A00A12C01 /* SingleAgentView.swift */ = {isa = PBXFileReference; lastKnownFileType = sourcecode.swift; path = SingleAgentView.swift; sourceTree = "<group>"; };
		49A6051029CF639300A932CB /* Data.swift */ = {isa = PBXFileReference; lastKnownFileType = sourcecode.swift; path = Data.swift; sourceTree = "<group>"; };
/* End PBXFileReference section */

/* Begin PBXFrameworksBuildPhase section */
		4901BB1229C1231400A2C825 /* Frameworks */ = {
			isa = PBXFrameworksBuildPhase;
			buildActionMask = 2147483647;
			files = (
			);
			runOnlyForDeploymentPostprocessing = 0;
		};
		4901BB2229C1231600A2C825 /* Frameworks */ = {
			isa = PBXFrameworksBuildPhase;
			buildActionMask = 2147483647;
			files = (
			);
			runOnlyForDeploymentPostprocessing = 0;
		};
		4901BB2C29C1231600A2C825 /* Frameworks */ = {
			isa = PBXFrameworksBuildPhase;
			buildActionMask = 2147483647;
			files = (
			);
			runOnlyForDeploymentPostprocessing = 0;
		};
/* End PBXFrameworksBuildPhase section */

/* Begin PBXGroup section */
		4901BB0C29C1231400A2C825 = {
			isa = PBXGroup;
			children = (
				4901BB1729C1231400A2C825 /* ValorantConsultant */,
				4901BB2829C1231600A2C825 /* ValorantConsultantTests */,
				4901BB3229C1231600A2C825 /* ValorantConsultantUITests */,
				4901BB1629C1231400A2C825 /* Products */,
			);
			sourceTree = "<group>";
		};
		4901BB1629C1231400A2C825 /* Products */ = {
			isa = PBXGroup;
			children = (
				4901BB1529C1231400A2C825 /* ValorantConsultant.app */,
				4901BB2529C1231600A2C825 /* ValorantConsultantTests.xctest */,
				4901BB2F29C1231600A2C825 /* ValorantConsultantUITests.xctest */,
			);
			name = Products;
			sourceTree = "<group>";
		};
		4901BB1729C1231400A2C825 /* ValorantConsultant */ = {
			isa = PBXGroup;
			children = (
				4901BB1829C1231400A2C825 /* ValorantConsultantApp.swift */,
				4901BB1A29C1231400A2C825 /* ContentView.swift */,
				4977E1B829C3BB6800A12C01 /* AgentsList.swift */,
				4977E1BC29C3D30A00A12C01 /* SingleAgentView.swift */,
				4977E1AC29C262C800A12C01 /* ViewModel.swift */,
				4901BB1C29C1231600A2C825 /* Assets.xcassets */,
				4901BB1E29C1231600A2C825 /* Preview Content */,
				49A6051029CF639300A932CB /* Data.swift */,
			);
			path = ValorantConsultant;
			sourceTree = "<group>";
		};
		4901BB1E29C1231600A2C825 /* Preview Content */ = {
			isa = PBXGroup;
			children = (
				4901BB1F29C1231600A2C825 /* Preview Assets.xcassets */,
			);
			path = "Preview Content";
			sourceTree = "<group>";
		};
		4901BB2829C1231600A2C825 /* ValorantConsultantTests */ = {
			isa = PBXGroup;
			children = (
				4901BB2929C1231600A2C825 /* ValorantConsultantTests.swift */,
			);
			path = ValorantConsultantTests;
			sourceTree = "<group>";
		};
		4901BB3229C1231600A2C825 /* ValorantConsultantUITests */ = {
			isa = PBXGroup;
			children = (
				4901BB3329C1231600A2C825 /* ValorantConsultantUITests.swift */,
				4901BB3529C1231600A2C825 /* ValorantConsultantUITestsLaunchTests.swift */,
			);
			path = ValorantConsultantUITests;
			sourceTree = "<group>";
		};
/* End PBXGroup section */

/* Begin PBXNativeTarget section */
		4901BB1429C1231400A2C825 /* ValorantConsultant */ = {
			isa = PBXNativeTarget;
			buildConfigurationList = 4901BB3929C1231600A2C825 /* Build configuration list for PBXNativeTarget "ValorantConsultant" */;
			buildPhases = (
				4901BB1129C1231400A2C825 /* Sources */,
				4901BB1229C1231400A2C825 /* Frameworks */,
				4901BB1329C1231400A2C825 /* Resources */,
			);
			buildRules = (
			);
			dependencies = (
			);
			name = ValorantConsultant;
			productName = ValorantConsultant;
			productReference = 4901BB1529C1231400A2C825 /* ValorantConsultant.app */;
			productType = "com.apple.product-type.application";
		};
		4901BB2429C1231600A2C825 /* ValorantConsultantTests */ = {
			isa = PBXNativeTarget;
			buildConfigurationList = 4901BB3C29C1231600A2C825 /* Build configuration list for PBXNativeTarget "ValorantConsultantTests" */;
			buildPhases = (
				4901BB2129C1231600A2C825 /* Sources */,
				4901BB2229C1231600A2C825 /* Frameworks */,
				4901BB2329C1231600A2C825 /* Resources */,
			);
			buildRules = (
			);
			dependencies = (
				4901BB2729C1231600A2C825 /* PBXTargetDependency */,
			);
			name = ValorantConsultantTests;
			productName = ValorantConsultantTests;
			productReference = 4901BB2529C1231600A2C825 /* ValorantConsultantTests.xctest */;
			productType = "com.apple.product-type.bundle.unit-test";
		};
		4901BB2E29C1231600A2C825 /* ValorantConsultantUITests */ = {
			isa = PBXNativeTarget;
			buildConfigurationList = 4901BB3F29C1231600A2C825 /* Build configuration list for PBXNativeTarget "ValorantConsultantUITests" */;
			buildPhases = (
				4901BB2B29C1231600A2C825 /* Sources */,
				4901BB2C29C1231600A2C825 /* Frameworks */,
				4901BB2D29C1231600A2C825 /* Resources */,
			);
			buildRules = (
			);
			dependencies = (
				4901BB3129C1231600A2C825 /* PBXTargetDependency */,
			);
			name = ValorantConsultantUITests;
			productName = ValorantConsultantUITests;
			productReference = 4901BB2F29C1231600A2C825 /* ValorantConsultantUITests.xctest */;
			productType = "com.apple.product-type.bundle.ui-testing";
		};
/* End PBXNativeTarget section */

/* Begin PBXProject section */
		4901BB0D29C1231400A2C825 /* Project object */ = {
			isa = PBXProject;
			attributes = {
				BuildIndependentTargetsInParallel = 1;
				LastSwiftUpdateCheck = 1420;
				LastUpgradeCheck = 1420;
				TargetAttributes = {
					4901BB1429C1231400A2C825 = {
						CreatedOnToolsVersion = 14.2;
					};
					4901BB2429C1231600A2C825 = {
						CreatedOnToolsVersion = 14.2;
						TestTargetID = 4901BB1429C1231400A2C825;
					};
					4901BB2E29C1231600A2C825 = {
						CreatedOnToolsVersion = 14.2;
						TestTargetID = 4901BB1429C1231400A2C825;
					};
				};
			};
			buildConfigurationList = 4901BB1029C1231400A2C825 /* Build configuration list for PBXProject "ValorantConsultant" */;
			compatibilityVersion = "Xcode 14.0";
			developmentRegion = en;
			hasScannedForEncodings = 0;
			knownRegions = (
				en,
				Base,
			);
			mainGroup = 4901BB0C29C1231400A2C825;
			productRefGroup = 4901BB1629C1231400A2C825 /* Products */;
			projectDirPath = "";
			projectRoot = "";
			targets = (
				4901BB1429C1231400A2C825 /* ValorantConsultant */,
				4901BB2429C1231600A2C825 /* ValorantConsultantTests */,
				4901BB2E29C1231600A2C825 /* ValorantConsultantUITests */,
			);
		};
/* End PBXProject section */

/* Begin PBXResourcesBuildPhase section */
		4901BB1329C1231400A2C825 /* Resources */ = {
			isa = PBXResourcesBuildPhase;
			buildActionMask = 2147483647;
			files = (
				4901BB2029C1231600A2C825 /* Preview Assets.xcassets in Resources */,
				4901BB1D29C1231600A2C825 /* Assets.xcassets in Resources */,
			);
			runOnlyForDeploymentPostprocessing = 0;
		};
		4901BB2329C1231600A2C825 /* Resources */ = {
			isa = PBXResourcesBuildPhase;
			buildActionMask = 2147483647;
			files = (
			);
			runOnlyForDeploymentPostprocessing = 0;
		};
		4901BB2D29C1231600A2C825 /* Resources */ = {
			isa = PBXResourcesBuildPhase;
			buildActionMask = 2147483647;
			files = (
			);
			runOnlyForDeploymentPostprocessing = 0;
		};
/* End PBXResourcesBuildPhase section */

/* Begin PBXSourcesBuildPhase section */
		4901BB1129C1231400A2C825 /* Sources */ = {
			isa = PBXSourcesBuildPhase;
			buildActionMask = 2147483647;
			files = (
				4901BB1B29C1231400A2C825 /* ContentView.swift in Sources */,
				49A6051129CF639300A932CB /* Data.swift in Sources */,
				4977E1B929C3BB6800A12C01 /* AgentsList.swift in Sources */,
				4977E1BD29C3D30A00A12C01 /* SingleAgentView.swift in Sources */,
				4977E1AD29C262C800A12C01 /* ViewModel.swift in Sources */,
				4901BB1929C1231400A2C825 /* ValorantConsultantApp.swift in Sources */,
			);
			runOnlyForDeploymentPostprocessing = 0;
		};
		4901BB2129C1231600A2C825 /* Sources */ = {
			isa = PBXSourcesBuildPhase;
			buildActionMask = 2147483647;
			files = (
				4901BB2A29C1231600A2C825 /* ValorantConsultantTests.swift in Sources */,
			);
			runOnlyForDeploymentPostprocessing = 0;
		};
		4901BB2B29C1231600A2C825 /* Sources */ = {
			isa = PBXSourcesBuildPhase;
			buildActionMask = 2147483647;
			files = (
				4901BB3629C1231600A2C825 /* ValorantConsultantUITestsLaunchTests.swift in Sources */,
				4901BB3429C1231600A2C825 /* ValorantConsultantUITests.swift in Sources */,
			);
			runOnlyForDeploymentPostprocessing = 0;
		};
/* End PBXSourcesBuildPhase section */

/* Begin PBXTargetDependency section */
		4901BB2729C1231600A2C825 /* PBXTargetDependency */ = {
			isa = PBXTargetDependency;
			target = 4901BB1429C1231400A2C825 /* ValorantConsultant */;
			targetProxy = 4901BB2629C1231600A2C825 /* PBXContainerItemProxy */;
		};
		4901BB3129C1231600A2C825 /* PBXTargetDependency */ = {
			isa = PBXTargetDependency;
			target = 4901BB1429C1231400A2C825 /* ValorantConsultant */;
			targetProxy = 4901BB3029C1231600A2C825 /* PBXContainerItemProxy */;
		};
/* End PBXTargetDependency section */

/* Begin XCBuildConfiguration section */
		4901BB3729C1231600A2C825 /* Debug */ = {
			isa = XCBuildConfiguration;
			buildSettings = {
				ALWAYS_SEARCH_USER_PATHS = NO;
				CLANG_ANALYZER_NONNULL = YES;
				CLANG_ANALYZER_NUMBER_OBJECT_CONVERSION = YES_AGGRESSIVE;
				CLANG_CXX_LANGUAGE_STANDARD = "gnu++20";
				CLANG_ENABLE_MODULES = YES;
				CLANG_ENABLE_OBJC_ARC = YES;
				CLANG_ENABLE_OBJC_WEAK = YES;
				CLANG_WARN_BLOCK_CAPTURE_AUTORELEASING = YES;
				CLANG_WARN_BOOL_CONVERSION = YES;
				CLANG_WARN_COMMA = YES;
				CLANG_WARN_CONSTANT_CONVERSION = YES;
				CLANG_WARN_DEPRECATED_OBJC_IMPLEMENTATIONS = YES;
				CLANG_WARN_DIRECT_OBJC_ISA_USAGE = YES_ERROR;
				CLANG_WARN_DOCUMENTATION_COMMENTS = YES;
				CLANG_WARN_EMPTY_BODY = YES;
				CLANG_WARN_ENUM_CONVERSION = YES;
				CLANG_WARN_INFINITE_RECURSION = YES;
				CLANG_WARN_INT_CONVERSION = YES;
				CLANG_WARN_NON_LITERAL_NULL_CONVERSION = YES;
				CLANG_WARN_OBJC_IMPLICIT_RETAIN_SELF = YES;
				CLANG_WARN_OBJC_LITERAL_CONVERSION = YES;
				CLANG_WARN_OBJC_ROOT_CLASS = YES_ERROR;
				CLANG_WARN_QUOTED_INCLUDE_IN_FRAMEWORK_HEADER = YES;
				CLANG_WARN_RANGE_LOOP_ANALYSIS = YES;
				CLANG_WARN_STRICT_PROTOTYPES = YES;
				CLANG_WARN_SUSPICIOUS_MOVE = YES;
				CLANG_WARN_UNGUARDED_AVAILABILITY = YES_AGGRESSIVE;
				CLANG_WARN_UNREACHABLE_CODE = YES;
				CLANG_WARN__DUPLICATE_METHOD_MATCH = YES;
				COPY_PHASE_STRIP = NO;
				DEBUG_INFORMATION_FORMAT = dwarf;
				ENABLE_STRICT_OBJC_MSGSEND = YES;
				ENABLE_TESTABILITY = YES;
				GCC_C_LANGUAGE_STANDARD = gnu11;
				GCC_DYNAMIC_NO_PIC = NO;
				GCC_NO_COMMON_BLOCKS = YES;
				GCC_OPTIMIZATION_LEVEL = 0;
				GCC_PREPROCESSOR_DEFINITIONS = (
					"DEBUG=1",
					"$(inherited)",
				);
				GCC_WARN_64_TO_32_BIT_CONVERSION = YES;
				GCC_WARN_ABOUT_RETURN_TYPE = YES_ERROR;
				GCC_WARN_UNDECLARED_SELECTOR = YES;
				GCC_WARN_UNINITIALIZED_AUTOS = YES_AGGRESSIVE;
				GCC_WARN_UNUSED_FUNCTION = YES;
				GCC_WARN_UNUSED_VARIABLE = YES;
				IPHONEOS_DEPLOYMENT_TARGET = 16.2;
				MTL_ENABLE_DEBUG_INFO = INCLUDE_SOURCE;
				MTL_FAST_MATH = YES;
				ONLY_ACTIVE_ARCH = YES;
				SDKROOT = iphoneos;
				SWIFT_ACTIVE_COMPILATION_CONDITIONS = DEBUG;
				SWIFT_OPTIMIZATION_LEVEL = "-Onone";
			};
			name = Debug;
		};
		4901BB3829C1231600A2C825 /* Release */ = {
			isa = XCBuildConfiguration;
			buildSettings = {
				ALWAYS_SEARCH_USER_PATHS = NO;
				CLANG_ANALYZER_NONNULL = YES;
				CLANG_ANALYZER_NUMBER_OBJECT_CONVERSION = YES_AGGRESSIVE;
				CLANG_CXX_LANGUAGE_STANDARD = "gnu++20";
				CLANG_ENABLE_MODULES = YES;
				CLANG_ENABLE_OBJC_ARC = YES;
				CLANG_ENABLE_OBJC_WEAK = YES;
				CLANG_WARN_BLOCK_CAPTURE_AUTORELEASING = YES;
				CLANG_WARN_BOOL_CONVERSION = YES;
				CLANG_WARN_COMMA = YES;
				CLANG_WARN_CONSTANT_CONVERSION = YES;
				CLANG_WARN_DEPRECATED_OBJC_IMPLEMENTATIONS = YES;
				CLANG_WARN_DIRECT_OBJC_ISA_USAGE = YES_ERROR;
				CLANG_WARN_DOCUMENTATION_COMMENTS = YES;
				CLANG_WARN_EMPTY_BODY = YES;
				CLANG_WARN_ENUM_CONVERSION = YES;
				CLANG_WARN_INFINITE_RECURSION = YES;
				CLANG_WARN_INT_CONVERSION = YES;
				CLANG_WARN_NON_LITERAL_NULL_CONVERSION = YES;
				CLANG_WARN_OBJC_IMPLICIT_RETAIN_SELF = YES;
				CLANG_WARN_OBJC_LITERAL_CONVERSION = YES;
				CLANG_WARN_OBJC_ROOT_CLASS = YES_ERROR;
				CLANG_WARN_QUOTED_INCLUDE_IN_FRAMEWORK_HEADER = YES;
				CLANG_WARN_RANGE_LOOP_ANALYSIS = YES;
				CLANG_WARN_STRICT_PROTOTYPES = YES;
				CLANG_WARN_SUSPICIOUS_MOVE = YES;
				CLANG_WARN_UNGUARDED_AVAILABILITY = YES_AGGRESSIVE;
				CLANG_WARN_UNREACHABLE_CODE = YES;
				CLANG_WARN__DUPLICATE_METHOD_MATCH = YES;
				COPY_PHASE_STRIP = NO;
				DEBUG_INFORMATION_FORMAT = "dwarf-with-dsym";
				ENABLE_NS_ASSERTIONS = NO;
				ENABLE_STRICT_OBJC_MSGSEND = YES;
				GCC_C_LANGUAGE_STANDARD = gnu11;
				GCC_NO_COMMON_BLOCKS = YES;
				GCC_WARN_64_TO_32_BIT_CONVERSION = YES;
				GCC_WARN_ABOUT_RETURN_TYPE = YES_ERROR;
				GCC_WARN_UNDECLARED_SELECTOR = YES;
				GCC_WARN_UNINITIALIZED_AUTOS = YES_AGGRESSIVE;
				GCC_WARN_UNUSED_FUNCTION = YES;
				GCC_WARN_UNUSED_VARIABLE = YES;
				IPHONEOS_DEPLOYMENT_TARGET = 16.2;
				MTL_ENABLE_DEBUG_INFO = NO;
				MTL_FAST_MATH = YES;
				SDKROOT = iphoneos;
				SWIFT_COMPILATION_MODE = wholemodule;
				SWIFT_OPTIMIZATION_LEVEL = "-O";
				VALIDATE_PRODUCT = YES;
			};
			name = Release;
		};
		4901BB3A29C1231600A2C825 /* Debug */ = {
			isa = XCBuildConfiguration;
			buildSettings = {
				ASSETCATALOG_COMPILER_APPICON_NAME = AppIcon;
				ASSETCATALOG_COMPILER_GLOBAL_ACCENT_COLOR_NAME = AccentColor;
				CODE_SIGN_STYLE = Automatic;
				CURRENT_PROJECT_VERSION = 1;
				DEVELOPMENT_ASSET_PATHS = "\"ValorantConsultant/Preview Content\"";
				ENABLE_PREVIEWS = YES;
				GENERATE_INFOPLIST_FILE = YES;
				INFOPLIST_KEY_UIApplicationSceneManifest_Generation = YES;
				INFOPLIST_KEY_UIApplicationSupportsIndirectInputEvents = YES;
				INFOPLIST_KEY_UILaunchScreen_Generation = YES;
				INFOPLIST_KEY_UISupportedInterfaceOrientations_iPad = "UIInterfaceOrientationPortrait UIInterfaceOrientationPortraitUpsideDown UIInterfaceOrientationLandscapeLeft UIInterfaceOrientationLandscapeRight";
				INFOPLIST_KEY_UISupportedInterfaceOrientations_iPhone = "UIInterfaceOrientationPortrait UIInterfaceOrientationLandscapeLeft UIInterfaceOrientationLandscapeRight";
				LD_RUNPATH_SEARCH_PATHS = (
					"$(inherited)",
					"@executable_path/Frameworks",
				);
				MARKETING_VERSION = 1.0;
				PRODUCT_BUNDLE_IDENTIFIER = com.miguelcorrea.ValorantConsultant;
				PRODUCT_NAME = "$(TARGET_NAME)";
				SWIFT_EMIT_LOC_STRINGS = YES;
				SWIFT_VERSION = 5.0;
				TARGETED_DEVICE_FAMILY = "1,2";
			};
			name = Debug;
		};
		4901BB3B29C1231600A2C825 /* Release */ = {
			isa = XCBuildConfiguration;
			buildSettings = {
				ASSETCATALOG_COMPILER_APPICON_NAME = AppIcon;
				ASSETCATALOG_COMPILER_GLOBAL_ACCENT_COLOR_NAME = AccentColor;
				CODE_SIGN_STYLE = Automatic;
				CURRENT_PROJECT_VERSION = 1;
				DEVELOPMENT_ASSET_PATHS = "\"ValorantConsultant/Preview Content\"";
				ENABLE_PREVIEWS = YES;
				GENERATE_INFOPLIST_FILE = YES;
				INFOPLIST_KEY_UIApplicationSceneManifest_Generation = YES;
				INFOPLIST_KEY_UIApplicationSupportsIndirectInputEvents = YES;
				INFOPLIST_KEY_UILaunchScreen_Generation = YES;
				INFOPLIST_KEY_UISupportedInterfaceOrientations_iPad = "UIInterfaceOrientationPortrait UIInterfaceOrientationPortraitUpsideDown UIInterfaceOrientationLandscapeLeft UIInterfaceOrientationLandscapeRight";
				INFOPLIST_KEY_UISupportedInterfaceOrientations_iPhone = "UIInterfaceOrientationPortrait UIInterfaceOrientationLandscapeLeft UIInterfaceOrientationLandscapeRight";
				LD_RUNPATH_SEARCH_PATHS = (
					"$(inherited)",
					"@executable_path/Frameworks",
				);
				MARKETING_VERSION = 1.0;
				PRODUCT_BUNDLE_IDENTIFIER = com.miguelcorrea.ValorantConsultant;
				PRODUCT_NAME = "$(TARGET_NAME)";
				SWIFT_EMIT_LOC_STRINGS = YES;
				SWIFT_VERSION = 5.0;
				TARGETED_DEVICE_FAMILY = "1,2";
			};
			name = Release;
		};
		4901BB3D29C1231600A2C825 /* Debug */ = {
			isa = XCBuildConfiguration;
			buildSettings = {
				ALWAYS_EMBED_SWIFT_STANDARD_LIBRARIES = YES;
				BUNDLE_LOADER = "$(TEST_HOST)";
				CODE_SIGN_STYLE = Automatic;
				CURRENT_PROJECT_VERSION = 1;
				GENERATE_INFOPLIST_FILE = YES;
				IPHONEOS_DEPLOYMENT_TARGET = 16.2;
				MARKETING_VERSION = 1.0;
				PRODUCT_BUNDLE_IDENTIFIER = com.miguelcorrea.ValorantConsultantTests;
				PRODUCT_NAME = "$(TARGET_NAME)";
				SWIFT_EMIT_LOC_STRINGS = NO;
				SWIFT_VERSION = 5.0;
				TARGETED_DEVICE_FAMILY = "1,2";
				TEST_HOST = "$(BUILT_PRODUCTS_DIR)/ValorantConsultant.app/$(BUNDLE_EXECUTABLE_FOLDER_PATH)/ValorantConsultant";
			};
			name = Debug;
		};
		4901BB3E29C1231600A2C825 /* Release */ = {
			isa = XCBuildConfiguration;
			buildSettings = {
				ALWAYS_EMBED_SWIFT_STANDARD_LIBRARIES = YES;
				BUNDLE_LOADER = "$(TEST_HOST)";
				CODE_SIGN_STYLE = Automatic;
				CURRENT_PROJECT_VERSION = 1;
				GENERATE_INFOPLIST_FILE = YES;
				IPHONEOS_DEPLOYMENT_TARGET = 16.2;
				MARKETING_VERSION = 1.0;
				PRODUCT_BUNDLE_IDENTIFIER = com.miguelcorrea.ValorantConsultantTests;
				PRODUCT_NAME = "$(TARGET_NAME)";
				SWIFT_EMIT_LOC_STRINGS = NO;
				SWIFT_VERSION = 5.0;
				TARGETED_DEVICE_FAMILY = "1,2";
				TEST_HOST = "$(BUILT_PRODUCTS_DIR)/ValorantConsultant.app/$(BUNDLE_EXECUTABLE_FOLDER_PATH)/ValorantConsultant";
			};
			name = Release;
		};
		4901BB4029C1231600A2C825 /* Debug */ = {
			isa = XCBuildConfiguration;
			buildSettings = {
				ALWAYS_EMBED_SWIFT_STANDARD_LIBRARIES = YES;
				CODE_SIGN_STYLE = Automatic;
				CURRENT_PROJECT_VERSION = 1;
				GENERATE_INFOPLIST_FILE = YES;
				MARKETING_VERSION = 1.0;
				PRODUCT_BUNDLE_IDENTIFIER = com.miguelcorrea.ValorantConsultantUITests;
				PRODUCT_NAME = "$(TARGET_NAME)";
				SWIFT_EMIT_LOC_STRINGS = NO;
				SWIFT_VERSION = 5.0;
				TARGETED_DEVICE_FAMILY = "1,2";
				TEST_TARGET_NAME = ValorantConsultant;
			};
			name = Debug;
		};
		4901BB4129C1231600A2C825 /* Release */ = {
			isa = XCBuildConfiguration;
			buildSettings = {
				ALWAYS_EMBED_SWIFT_STANDARD_LIBRARIES = YES;
				CODE_SIGN_STYLE = Automatic;
				CURRENT_PROJECT_VERSION = 1;
				GENERATE_INFOPLIST_FILE = YES;
				MARKETING_VERSION = 1.0;
				PRODUCT_BUNDLE_IDENTIFIER = com.miguelcorrea.ValorantConsultantUITests;
				PRODUCT_NAME = "$(TARGET_NAME)";
				SWIFT_EMIT_LOC_STRINGS = NO;
				SWIFT_VERSION = 5.0;
				TARGETED_DEVICE_FAMILY = "1,2";
				TEST_TARGET_NAME = ValorantConsultant;
			};
			name = Release;
		};
/* End XCBuildConfiguration section */

/* Begin XCConfigurationList section */
		4901BB1029C1231400A2C825 /* Build configuration list for PBXProject "ValorantConsultant" */ = {
			isa = XCConfigurationList;
			buildConfigurations = (
				4901BB3729C1231600A2C825 /* Debug */,
				4901BB3829C1231600A2C825 /* Release */,
			);
			defaultConfigurationIsVisible = 0;
			defaultConfigurationName = Release;
		};
		4901BB3929C1231600A2C825 /* Build configuration list for PBXNativeTarget "ValorantConsultant" */ = {
			isa = XCConfigurationList;
			buildConfigurations = (
				4901BB3A29C1231600A2C825 /* Debug */,
				4901BB3B29C1231600A2C825 /* Release */,
			);
			defaultConfigurationIsVisible = 0;
			defaultConfigurationName = Release;
		};
		4901BB3C29C1231600A2C825 /* Build configuration list for PBXNativeTarget "ValorantConsultantTests" */ = {
			isa = XCConfigurationList;
			buildConfigurations = (
				4901BB3D29C1231600A2C825 /* Debug */,
				4901BB3E29C1231600A2C825 /* Release */,
			);
			defaultConfigurationIsVisible = 0;
			defaultConfigurationName = Release;
		};
		4901BB3F29C1231600A2C825 /* Build configuration list for PBXNativeTarget "ValorantConsultantUITests" */ = {
			isa = XCConfigurationList;
			buildConfigurations = (
				4901BB4029C1231600A2C825 /* Debug */,
				4901BB4129C1231600A2C825 /* Release */,
			);
			defaultConfigurationIsVisible = 0;
			defaultConfigurationName = Release;
		};
/* End XCConfigurationList section */
	};
	rootObject = 4901BB0D29C1231400A2C825 /* Project object */;
}
